
Microsoft Visual Studio Solution File, Format Version 12.00
# Visual Studio 15
VisualStudioVersion = 15.0.28307.271
MinimumVisualStudioVersion = 10.0.40219.1
Project("{FAE04EC0-301F-11D3-BF4B-00C04F79EFBC}") = "Newton", "Newton\Newton.csproj", "{1960BAA8-4AA1-4375-9276-E37400D2B5B5}"
EndProject
Project("{FAE04EC0-301F-11D3-BF4B-00C04F79EFBC}") = "BIBLIOTEKA_L3", "..\BIBLIOTEKA_L3\BIBLIOTEKA_L3.csproj", "{4EA45452-CD04-4EFE-B0D8-03D4815822D8}"
EndProject
Global
	GlobalSection(SolutionConfigurationPlatforms) = preSolution
		Debug|Any CPU = Debug|Any CPU
		Release|Any CPU = Release|Any CPU
	EndGlobalSection
	GlobalSection(ProjectConfigurationPlatforms) = postSolution
		{1960BAA8-4AA1-4375-9276-E37400D2B5B5}.Debug|Any CPU.ActiveCfg = Debug|Any CPU
		{1960BAA8-4AA1-4375-9276-E37400D2B5B5}.Debug|Any CPU.Build.0 = Debug|Any CPU
		{1960BAA8-4AA1-4375-9276-E37400D2B5B5}.Release|Any CPU.ActiveCfg = Release|Any CPU
		{1960BAA8-4AA1-4375-9276-E37400D2B5B5}.Release|Any CPU.Build.0 = Release|Any CPU
		{4EA45452-CD04-4EFE-B0D8-03D4815822D8}.Debug|Any CPU.ActiveCfg = Debug|Any CPU
		{4EA45452-CD04-4EFE-B0D8-03D4815822D8}.Debug|Any CPU.Build.0 = Debug|Any CPU
		{4EA45452-CD04-4EFE-B0D8-03D4815822D8}.Release|Any CPU.ActiveCfg = Release|Any CPU
		{4EA45452-CD04-4EFE-B0D8-03D4815822D8}.Release|Any CPU.Build.0 = Release|Any CPU
	EndGlobalSection
	GlobalSection(SolutionProperties) = preSolution
		HideSolutionNode = FALSE
	EndGlobalSection
	GlobalSection(ExtensibilityGlobals) = postSolution
		SolutionGuid = {78D9E42A-FFED-46F3-835D-A101BA212C90}
	EndGlobalSection
EndGlobal
